
Microsoft Visual Studio Solution File, Format Version 12.00
# Visual Studio Version 16
VisualStudioVersion = 16.0.30309.148
MinimumVisualStudioVersion = 10.0.40219.1
Project("{9A19103F-16F7-4668-BE54-9A1E7A4F7556}") = "TwitchStreamAnalyser.Client", "TwitchStreamAnayliser\TwitchStreamAnalyser.Client.csproj", "{785AB143-1C3C-4B43-AA4F-F5811912176F}"
EndProject
Project("{9A19103F-16F7-4668-BE54-9A1E7A4F7556}") = "TwitchStreamAnalyser.Api", "TwitchStreamAnalyser.Api\TwitchStreamAnalyser.Api.csproj", "{A306EC8E-C0E0-439F-A6D7-623EC6418C9D}"
EndProject
Project("{9A19103F-16F7-4668-BE54-9A1E7A4F7556}") = "TwitchStreamAnalyser.Domain", "TwitchStreamAnalyser.Domain\TwitchStreamAnalyser.Domain.csproj", "{09493AFB-77E0-426F-86E0-7F3A24485724}"
EndProject
Project("{9A19103F-16F7-4668-BE54-9A1E7A4F7556}") = "TwitchStreamAnalyser.TwitchApi", "TwitchStreamAnalyser.TwitchApi\TwitchStreamAnalyser.TwitchApi.csproj", "{0B961A28-72BD-4AF1-8DE7-FEDB5C43F91A}"
EndProject
Project("{9A19103F-16F7-4668-BE54-9A1E7A4F7556}") = "TwitchStreamAnalyser.Persistence", "TwitchStreamAnalyser.Persistence\TwitchStreamAnalyser.Persistence.csproj", "{4B79E88E-075F-4A09-B4AE-04C532C3E78E}"
EndProject
Project("{FAE04EC0-301F-11D3-BF4B-00C04F79EFBC}") = "Tools.StreamSerializer", "Tools.StreamSerializer\Tools.StreamSerializer.csproj", "{A37E39F5-A01E-4495-9CAD-B4F70E5A301D}"
EndProject
Global
	GlobalSection(SolutionConfigurationPlatforms) = preSolution
		Debug|Any CPU = Debug|Any CPU
		Release|Any CPU = Release|Any CPU
	EndGlobalSection
	GlobalSection(ProjectConfigurationPlatforms) = postSolution
		{785AB143-1C3C-4B43-AA4F-F5811912176F}.Debug|Any CPU.ActiveCfg = Debug|Any CPU
		{785AB143-1C3C-4B43-AA4F-F5811912176F}.Debug|Any CPU.Build.0 = Debug|Any CPU
		{785AB143-1C3C-4B43-AA4F-F5811912176F}.Release|Any CPU.ActiveCfg = Release|Any CPU
		{785AB143-1C3C-4B43-AA4F-F5811912176F}.Release|Any CPU.Build.0 = Release|Any CPU
		{A306EC8E-C0E0-439F-A6D7-623EC6418C9D}.Debug|Any CPU.ActiveCfg = Debug|Any CPU
		{A306EC8E-C0E0-439F-A6D7-623EC6418C9D}.Debug|Any CPU.Build.0 = Debug|Any CPU
		{A306EC8E-C0E0-439F-A6D7-623EC6418C9D}.Release|Any CPU.ActiveCfg = Release|Any CPU
		{A306EC8E-C0E0-439F-A6D7-623EC6418C9D}.Release|Any CPU.Build.0 = Release|Any CPU
		{09493AFB-77E0-426F-86E0-7F3A24485724}.Debug|Any CPU.ActiveCfg = Debug|Any CPU
		{09493AFB-77E0-426F-86E0-7F3A24485724}.Debug|Any CPU.Build.0 = Debug|Any CPU
		{09493AFB-77E0-426F-86E0-7F3A24485724}.Release|Any CPU.ActiveCfg = Release|Any CPU
		{09493AFB-77E0-426F-86E0-7F3A24485724}.Release|Any CPU.Build.0 = Release|Any CPU
		{0B961A28-72BD-4AF1-8DE7-FEDB5C43F91A}.Debug|Any CPU.ActiveCfg = Debug|Any CPU
		{0B961A28-72BD-4AF1-8DE7-FEDB5C43F91A}.Debug|Any CPU.Build.0 = Debug|Any CPU
		{0B961A28-72BD-4AF1-8DE7-FEDB5C43F91A}.Release|Any CPU.ActiveCfg = Release|Any CPU
		{0B961A28-72BD-4AF1-8DE7-FEDB5C43F91A}.Release|Any CPU.Build.0 = Release|Any CPU
		{4B79E88E-075F-4A09-B4AE-04C532C3E78E}.Debug|Any CPU.ActiveCfg = Debug|Any CPU
		{4B79E88E-075F-4A09-B4AE-04C532C3E78E}.Debug|Any CPU.Build.0 = Debug|Any CPU
		{4B79E88E-075F-4A09-B4AE-04C532C3E78E}.Release|Any CPU.ActiveCfg = Release|Any CPU
		{4B79E88E-075F-4A09-B4AE-04C532C3E78E}.Release|Any CPU.Build.0 = Release|Any CPU
		{A37E39F5-A01E-4495-9CAD-B4F70E5A301D}.Debug|Any CPU.ActiveCfg = Debug|Any CPU
		{A37E39F5-A01E-4495-9CAD-B4F70E5A301D}.Debug|Any CPU.Build.0 = Debug|Any CPU
		{A37E39F5-A01E-4495-9CAD-B4F70E5A301D}.Release|Any CPU.ActiveCfg = Release|Any CPU
		{A37E39F5-A01E-4495-9CAD-B4F70E5A301D}.Release|Any CPU.Build.0 = Release|Any CPU
	EndGlobalSection
	GlobalSection(SolutionProperties) = preSolution
		HideSolutionNode = FALSE
	EndGlobalSection
	GlobalSection(ExtensibilityGlobals) = postSolution
		SolutionGuid = {5B3183DF-B0AE-4665-9DB0-BD0FB52A3FCC}
	EndGlobalSection
EndGlobal
